
Microsoft Visual Studio Solution File, Format Version 12.00
# Visual Studio 15
VisualStudioVersion = 15.0.27004.2010
MinimumVisualStudioVersion = 10.0.40219.1
Project("{FAE04EC0-301F-11D3-BF4B-00C04F79EFBC}") = "WebApiV2SecurityArchitecture", "WebApiV2SecurityArchitecture\WebApiV2SecurityArchitecture.csproj", "{EE90EFED-B4F6-43E3-832B-71B80D5020AE}"
EndProject
Global
	GlobalSection(SolutionConfigurationPlatforms) = preSolution
		Debug|Any CPU = Debug|Any CPU
		Release|Any CPU = Release|Any CPU
	EndGlobalSection
	GlobalSection(ProjectConfigurationPlatforms) = postSolution
		{EE90EFED-B4F6-43E3-832B-71B80D5020AE}.Debug|Any CPU.ActiveCfg = Debug|Any CPU
		{EE90EFED-B4F6-43E3-832B-71B80D5020AE}.Debug|Any CPU.Build.0 = Debug|Any CPU
		{EE90EFED-B4F6-43E3-832B-71B80D5020AE}.Release|Any CPU.ActiveCfg = Release|Any CPU
		{EE90EFED-B4F6-43E3-832B-71B80D5020AE}.Release|Any CPU.Build.0 = Release|Any CPU
	EndGlobalSection
	GlobalSection(SolutionProperties) = preSolution
		HideSolutionNode = FALSE
	EndGlobalSection
	GlobalSection(ExtensibilityGlobals) = postSolution
		SolutionGuid = {4F4F8239-696D-4704-AE82-E761A6771C99}
	EndGlobalSection
EndGlobal
